
Microsoft Visual Studio Solution File, Format Version 12.00
# Visual Studio 14
Project("{8BC9CEB8-8B4A-11D0-8D11-00A0C91BC942}") = "CVIPCOM", "CVIPCOM.vcxproj", "{5C4D0B7D-3CB4-4B2B-B465-5F3C4661F976}"
EndProject
Project("{FAE04EC0-301F-11D3-BF4B-00C04F79EFBC}") = "CVIPFEPC", "..\CVIPFEPC\CVIPFEPC.csproj", "{452A489A-C482-45D3-8A87-C78A15368323}"
EndProject
Project("{FAE04EC0-301F-11D3-BF4B-00C04F79EFBC}") = "CVIPATAT", "..\CVIPATAT\CVIPATAT.csproj", "{D3173E74-290F-4DE9-BC96-A096552842DC}"
EndProject
Project("{FAE04EC0-301F-11D3-BF4B-00C04F79EFBC}") = "CVIPGUI", "..\CVIPGUI\CVIPGUI.csproj", "{715AF32E-39C9-4AEE-9FE8-AF8673CC3CB2}"
EndProject
Project("{FAE04EC0-301F-11D3-BF4B-00C04F79EFBC}") = "TestProject1", "TestProject1\TestProject1.csproj", "{822856B3-823D-4C7E-BDAB-07E75118090A}"
EndProject
Project("{2150E333-8FDC-42A3-9474-1A3956D46DE8}") = "Solution Items", "Solution Items", "{0E3C0138-CF87-4CA3-8203-3A169FB56D66}"
	ProjectSection(SolutionItems) = preProject
		CVIPCOM.vsmdi = CVIPCOM.vsmdi
		Local.testsettings = Local.testsettings
		TraceAndTestImpact.testsettings = TraceAndTestImpact.testsettings
	EndProjectSection
EndProject
Global
	GlobalSection(TestCaseManagementSettings) = postSolution
		CategoryFile = CVIPCOM.vsmdi
	EndGlobalSection
	GlobalSection(SolutionConfigurationPlatforms) = preSolution
		Debug|Any CPU = Debug|Any CPU
		Debug|Mixed Platforms = Debug|Mixed Platforms
		Debug|Win32 = Debug|Win32
		Debug|x86 = Debug|x86
		Release|Any CPU = Release|Any CPU
		Release|Mixed Platforms = Release|Mixed Platforms
		Release|Win32 = Release|Win32
		Release|x86 = Release|x86
	EndGlobalSection
	GlobalSection(ProjectConfigurationPlatforms) = postSolution
		{5C4D0B7D-3CB4-4B2B-B465-5F3C4661F976}.Debug|Any CPU.ActiveCfg = Debug|Win32
		{5C4D0B7D-3CB4-4B2B-B465-5F3C4661F976}.Debug|Mixed Platforms.ActiveCfg = Debug|Win32
		{5C4D0B7D-3CB4-4B2B-B465-5F3C4661F976}.Debug|Mixed Platforms.Build.0 = Debug|Win32
		{5C4D0B7D-3CB4-4B2B-B465-5F3C4661F976}.Debug|Win32.ActiveCfg = Debug|Win32
		{5C4D0B7D-3CB4-4B2B-B465-5F3C4661F976}.Debug|Win32.Build.0 = Debug|Win32
		{5C4D0B7D-3CB4-4B2B-B465-5F3C4661F976}.Debug|x86.ActiveCfg = Debug|Win32
		{5C4D0B7D-3CB4-4B2B-B465-5F3C4661F976}.Release|Any CPU.ActiveCfg = Release|Win32
		{5C4D0B7D-3CB4-4B2B-B465-5F3C4661F976}.Release|Mixed Platforms.ActiveCfg = Release|Win32
		{5C4D0B7D-3CB4-4B2B-B465-5F3C4661F976}.Release|Mixed Platforms.Build.0 = Release|Win32
		{5C4D0B7D-3CB4-4B2B-B465-5F3C4661F976}.Release|Win32.ActiveCfg = Release|Win32
		{5C4D0B7D-3CB4-4B2B-B465-5F3C4661F976}.Release|Win32.Build.0 = Release|Win32
		{5C4D0B7D-3CB4-4B2B-B465-5F3C4661F976}.Release|x86.ActiveCfg = Release|Win32
		{452A489A-C482-45D3-8A87-C78A15368323}.Debug|Any CPU.ActiveCfg = Debug|x86
		{452A489A-C482-45D3-8A87-C78A15368323}.Debug|Mixed Platforms.ActiveCfg = Debug|x86
		{452A489A-C482-45D3-8A87-C78A15368323}.Debug|Mixed Platforms.Build.0 = Debug|x86
		{452A489A-C482-45D3-8A87-C78A15368323}.Debug|Win32.ActiveCfg = Debug|x86
		{452A489A-C482-45D3-8A87-C78A15368323}.Debug|x86.ActiveCfg = Debug|x86
		{452A489A-C482-45D3-8A87-C78A15368323}.Debug|x86.Build.0 = Debug|x86
		{452A489A-C482-45D3-8A87-C78A15368323}.Release|Any CPU.ActiveCfg = Release|x86
		{452A489A-C482-45D3-8A87-C78A15368323}.Release|Mixed Platforms.ActiveCfg = Release|x86
		{452A489A-C482-45D3-8A87-C78A15368323}.Release|Mixed Platforms.Build.0 = Release|x86
		{452A489A-C482-45D3-8A87-C78A15368323}.Release|Win32.ActiveCfg = Release|x86
		{452A489A-C482-45D3-8A87-C78A15368323}.Release|x86.ActiveCfg = Release|x86
		{452A489A-C482-45D3-8A87-C78A15368323}.Release|x86.Build.0 = Release|x86
		{D3173E74-290F-4DE9-BC96-A096552842DC}.Debug|Any CPU.ActiveCfg = Debug|Any CPU
		{D3173E74-290F-4DE9-BC96-A096552842DC}.Debug|Any CPU.Build.0 = Debug|Any CPU
		{D3173E74-290F-4DE9-BC96-A096552842DC}.Debug|Mixed Platforms.ActiveCfg = Debug|Any CPU
		{D3173E74-290F-4DE9-BC96-A096552842DC}.Debug|Mixed Platforms.Build.0 = Debug|Any CPU
		{D3173E74-290F-4DE9-BC96-A096552842DC}.Debug|Win32.ActiveCfg = Debug|Any CPU
		{D3173E74-290F-4DE9-BC96-A096552842DC}.Debug|x86.ActiveCfg = Debug|Any CPU
		{D3173E74-290F-4DE9-BC96-A096552842DC}.Release|Any CPU.ActiveCfg = Release|Any CPU
		{D3173E74-290F-4DE9-BC96-A096552842DC}.Release|Any CPU.Build.0 = Release|Any CPU
		{D3173E74-290F-4DE9-BC96-A096552842DC}.Release|Mixed Platforms.ActiveCfg = Release|Any CPU
		{D3173E74-290F-4DE9-BC96-A096552842DC}.Release|Mixed Platforms.Build.0 = Release|Any CPU
		{D3173E74-290F-4DE9-BC96-A096552842DC}.Release|Win32.ActiveCfg = Release|Any CPU
		{D3173E74-290F-4DE9-BC96-A096552842DC}.Release|x86.ActiveCfg = Release|Any CPU
		{715AF32E-39C9-4AEE-9FE8-AF8673CC3CB2}.Debug|Any CPU.ActiveCfg = Debug|x86
		{715AF32E-39C9-4AEE-9FE8-AF8673CC3CB2}.Debug|Mixed Platforms.ActiveCfg = Debug|x86
		{715AF32E-39C9-4AEE-9FE8-AF8673CC3CB2}.Debug|Mixed Platforms.Build.0 = Debug|x86
		{715AF32E-39C9-4AEE-9FE8-AF8673CC3CB2}.Debug|Win32.ActiveCfg = Debug|x86
		{715AF32E-39C9-4AEE-9FE8-AF8673CC3CB2}.Debug|x86.ActiveCfg = Debug|x86
		{715AF32E-39C9-4AEE-9FE8-AF8673CC3CB2}.Debug|x86.Build.0 = Debug|x86
		{715AF32E-39C9-4AEE-9FE8-AF8673CC3CB2}.Release|Any CPU.ActiveCfg = Release|x86
		{715AF32E-39C9-4AEE-9FE8-AF8673CC3CB2}.Release|Mixed Platforms.ActiveCfg = Release|x86
		{715AF32E-39C9-4AEE-9FE8-AF8673CC3CB2}.Release|Mixed Platforms.Build.0 = Release|x86
		{715AF32E-39C9-4AEE-9FE8-AF8673CC3CB2}.Release|Win32.ActiveCfg = Release|x86
		{715AF32E-39C9-4AEE-9FE8-AF8673CC3CB2}.Release|x86.ActiveCfg = Release|x86
		{715AF32E-39C9-4AEE-9FE8-AF8673CC3CB2}.Release|x86.Build.0 = Release|x86
		{822856B3-823D-4C7E-BDAB-07E75118090A}.Debug|Any CPU.ActiveCfg = Debug|Any CPU
		{822856B3-823D-4C7E-BDAB-07E75118090A}.Debug|Any CPU.Build.0 = Debug|Any CPU
		{822856B3-823D-4C7E-BDAB-07E75118090A}.Debug|Mixed Platforms.ActiveCfg = Debug|Any CPU
		{822856B3-823D-4C7E-BDAB-07E75118090A}.Debug|Mixed Platforms.Build.0 = Debug|Any CPU
		{822856B3-823D-4C7E-BDAB-07E75118090A}.Debug|Win32.ActiveCfg = Debug|Any CPU
		{822856B3-823D-4C7E-BDAB-07E75118090A}.Debug|x86.ActiveCfg = Debug|Any CPU
		{822856B3-823D-4C7E-BDAB-07E75118090A}.Release|Any CPU.ActiveCfg = Release|Any CPU
		{822856B3-823D-4C7E-BDAB-07E75118090A}.Release|Any CPU.Build.0 = Release|Any CPU
		{822856B3-823D-4C7E-BDAB-07E75118090A}.Release|Mixed Platforms.ActiveCfg = Release|Any CPU
		{822856B3-823D-4C7E-BDAB-07E75118090A}.Release|Mixed Platforms.Build.0 = Release|Any CPU
		{822856B3-823D-4C7E-BDAB-07E75118090A}.Release|Win32.ActiveCfg = Release|Any CPU
		{822856B3-823D-4C7E-BDAB-07E75118090A}.Release|x86.ActiveCfg = Release|Any CPU
	EndGlobalSection
	GlobalSection(SolutionProperties) = preSolution
		HideSolutionNode = FALSE
	EndGlobalSection
EndGlobal
