
Microsoft Visual Studio Solution File, Format Version 12.00
# Visual Studio 14
Project("{8BC9CEB8-8B4A-11D0-8D11-00A0C91BC942}") = "ArithLogic", "ArithLogic\ArithLogic.vcxproj", "{9145A4F5-DAC8-4C74-B77A-90A88BDDE5A8}"
EndProject
Project("{8BC9CEB8-8B4A-11D0-8D11-00A0C91BC942}") = "BandUtilities", "BandUtilities\BandUtilities.vcxproj", "{9CFF91F3-5B29-4A74-823D-C183B77C59C6}"
EndProject
Project("{8BC9CEB8-8B4A-11D0-8D11-00A0C91BC942}") = "Color", "Color\Color.vcxproj", "{F6B927AC-46D5-41D5-A31C-3921EE8957FC}"
EndProject
Project("{8BC9CEB8-8B4A-11D0-8D11-00A0C91BC942}") = "Compression", "Compression\Compression.vcxproj", "{45362398-625F-44DE-BF21-88D2C409944E}"
EndProject
Project("{8BC9CEB8-8B4A-11D0-8D11-00A0C91BC942}") = "Conversion", "Conversion\Conversion.vcxproj", "{DC8740EF-7908-46B0-B7DA-C22F4A35DA37}"
EndProject
Project("{8BC9CEB8-8B4A-11D0-8D11-00A0C91BC942}") = "Display", "Display\Display.vcxproj", "{A1BA2E5D-1B03-4DB5-8BC5-5B2ECAE35DC7}"
EndProject
Project("{8BC9CEB8-8B4A-11D0-8D11-00A0C91BC942}") = "Feature", "Feature\Feature.vcxproj", "{992C4287-2B4E-48C7-96EE-361EF509C8FF}"
EndProject
Project("{8BC9CEB8-8B4A-11D0-8D11-00A0C91BC942}") = "Geometry", "Geometry\Geometry.vcxproj", "{635A260E-D1E4-4409-B004-A07B3E677493}"
EndProject
Project("{8BC9CEB8-8B4A-11D0-8D11-00A0C91BC942}") = "Histogram", "Histogram\Histogram.vcxproj", "{102F4F11-1282-41AC-887F-4DD249633441}"
EndProject
Project("{8BC9CEB8-8B4A-11D0-8D11-00A0C91BC942}") = "Image", "Image\Image.vcxproj", "{339F598C-3CC9-4D05-836C-F6C982890DB8}"
EndProject
Project("{8BC9CEB8-8B4A-11D0-8D11-00A0C91BC942}") = "IOUtilities", "IOUtilities\IOUtilities.vcxproj", "{DEE11F4E-D673-46B9-A10C-79E8D4F3CC23}"
EndProject
Project("{8BC9CEB8-8B4A-11D0-8D11-00A0C91BC942}") = "JPEG", "Conversion\JPEG\JPEG.vcxproj", "{410E1209-5057-44F0-8023-62459517EBC2}"
EndProject
Project("{8BC9CEB8-8B4A-11D0-8D11-00A0C91BC942}") = "Mapping", "Mapping\Mapping.vcxproj", "{34F5A5F2-A8B8-4BFF-8727-92525B5383A1}"
EndProject
Project("{8BC9CEB8-8B4A-11D0-8D11-00A0C91BC942}") = "MatrixAlgebra", "MatrixAlgebra\MatrixAlgebra.vcxproj", "{272DFDD3-D244-4091-9D4F-0777ECB32D2D}"
EndProject
Project("{8BC9CEB8-8B4A-11D0-8D11-00A0C91BC942}") = "Morphological", "Morphological\Morphological.vcxproj", "{56B65C5F-D108-4BC5-B862-DFA1B0CEC70E}"
EndProject
Project("{8BC9CEB8-8B4A-11D0-8D11-00A0C91BC942}") = "Noise", "Noise\Noise.vcxproj", "{B5E18F8E-3255-4A1A-9B19-500EAC768084}"
EndProject
Project("{8BC9CEB8-8B4A-11D0-8D11-00A0C91BC942}") = "Object", "Object\Object.vcxproj", "{04FA6125-FFF5-4E45-A1AF-17F1A5DFDFDB}"
EndProject
Project("{8BC9CEB8-8B4A-11D0-8D11-00A0C91BC942}") = "ObjectManager", "ObjectManager\ObjectManager.vcxproj", "{601528BD-6C19-4B30-BF4B-40DCC19F8F72}"
EndProject
Project("{8BC9CEB8-8B4A-11D0-8D11-00A0C91BC942}") = "PBMPLUS", "Conversion\PBMPLUS\PBMPLUS.vcxproj", "{FB4B74EB-C749-4C87-8731-070747EB6FF2}"
EndProject
Project("{8BC9CEB8-8B4A-11D0-8D11-00A0C91BC942}") = "RegionOfInterest", "RegionOfInterest\RegionOfInterest.vcxproj", "{175CB194-2A9D-4B3C-93DB-85A113B1C78B}"
EndProject
Project("{8BC9CEB8-8B4A-11D0-8D11-00A0C91BC942}") = "Segmentation", "Segmentation\Segmentation.vcxproj", "{163F5EA8-0363-4B24-BECD-DAE31049F8DC}"
EndProject
Project("{8BC9CEB8-8B4A-11D0-8D11-00A0C91BC942}") = "SpatialFilter", "SpatialFilter\SpatialFilter.vcxproj", "{4B832EA5-8AEE-4C4F-B50B-66FEB74C19DD}"
EndProject
Project("{8BC9CEB8-8B4A-11D0-8D11-00A0C91BC942}") = "TIFF", "Conversion\TIFF\TIFF.vcxproj", "{8C0A6CDD-60CD-44BD-9C05-5EA574E66E26}"
EndProject
Project("{8BC9CEB8-8B4A-11D0-8D11-00A0C91BC942}") = "Transforms", "Transforms\Transforms.vcxproj", "{2F682166-510E-4C5B-9D62-7573F4FE2607}"
EndProject
Project("{8BC9CEB8-8B4A-11D0-8D11-00A0C91BC942}") = "VectorAlgebra", "VectorAlgebra\VectorAlgebra.vcxproj", "{6C1DC895-CD6D-47E3-862A-0BD91E6A25B6}"
EndProject
Project("{8BC9CEB8-8B4A-11D0-8D11-00A0C91BC942}") = "XformFilter", "XformFilter\XformFilter.vcxproj", "{8A3417D5-95D4-4E49-ABB9-DDEDD731ADFE}"
EndProject
Global
	GlobalSection(SolutionConfigurationPlatforms) = preSolution
		Debug|Win32 = Debug|Win32
		Release|Win32 = Release|Win32
	EndGlobalSection
	GlobalSection(ProjectConfigurationPlatforms) = postSolution
		{9145A4F5-DAC8-4C74-B77A-90A88BDDE5A8}.Debug|Win32.ActiveCfg = Debug|Win32
		{9145A4F5-DAC8-4C74-B77A-90A88BDDE5A8}.Debug|Win32.Build.0 = Debug|Win32
		{9145A4F5-DAC8-4C74-B77A-90A88BDDE5A8}.Release|Win32.ActiveCfg = Release|Win32
		{9145A4F5-DAC8-4C74-B77A-90A88BDDE5A8}.Release|Win32.Build.0 = Release|Win32
		{9CFF91F3-5B29-4A74-823D-C183B77C59C6}.Debug|Win32.ActiveCfg = Debug|Win32
		{9CFF91F3-5B29-4A74-823D-C183B77C59C6}.Debug|Win32.Build.0 = Debug|Win32
		{9CFF91F3-5B29-4A74-823D-C183B77C59C6}.Release|Win32.ActiveCfg = Release|Win32
		{9CFF91F3-5B29-4A74-823D-C183B77C59C6}.Release|Win32.Build.0 = Release|Win32
		{F6B927AC-46D5-41D5-A31C-3921EE8957FC}.Debug|Win32.ActiveCfg = Debug|Win32
		{F6B927AC-46D5-41D5-A31C-3921EE8957FC}.Debug|Win32.Build.0 = Debug|Win32
		{F6B927AC-46D5-41D5-A31C-3921EE8957FC}.Release|Win32.ActiveCfg = Release|Win32
		{F6B927AC-46D5-41D5-A31C-3921EE8957FC}.Release|Win32.Build.0 = Release|Win32
		{45362398-625F-44DE-BF21-88D2C409944E}.Debug|Win32.ActiveCfg = Debug|Win32
		{45362398-625F-44DE-BF21-88D2C409944E}.Debug|Win32.Build.0 = Debug|Win32
		{45362398-625F-44DE-BF21-88D2C409944E}.Release|Win32.ActiveCfg = Release|Win32
		{45362398-625F-44DE-BF21-88D2C409944E}.Release|Win32.Build.0 = Release|Win32
		{DC8740EF-7908-46B0-B7DA-C22F4A35DA37}.Debug|Win32.ActiveCfg = Debug|Win32
		{DC8740EF-7908-46B0-B7DA-C22F4A35DA37}.Debug|Win32.Build.0 = Debug|Win32
		{DC8740EF-7908-46B0-B7DA-C22F4A35DA37}.Release|Win32.ActiveCfg = Release|Win32
		{DC8740EF-7908-46B0-B7DA-C22F4A35DA37}.Release|Win32.Build.0 = Release|Win32
		{A1BA2E5D-1B03-4DB5-8BC5-5B2ECAE35DC7}.Debug|Win32.ActiveCfg = Debug|Win32
		{A1BA2E5D-1B03-4DB5-8BC5-5B2ECAE35DC7}.Debug|Win32.Build.0 = Debug|Win32
		{A1BA2E5D-1B03-4DB5-8BC5-5B2ECAE35DC7}.Release|Win32.ActiveCfg = Release|Win32
		{A1BA2E5D-1B03-4DB5-8BC5-5B2ECAE35DC7}.Release|Win32.Build.0 = Release|Win32
		{992C4287-2B4E-48C7-96EE-361EF509C8FF}.Debug|Win32.ActiveCfg = Debug|Win32
		{992C4287-2B4E-48C7-96EE-361EF509C8FF}.Debug|Win32.Build.0 = Debug|Win32
		{992C4287-2B4E-48C7-96EE-361EF509C8FF}.Release|Win32.ActiveCfg = Release|Win32
		{992C4287-2B4E-48C7-96EE-361EF509C8FF}.Release|Win32.Build.0 = Release|Win32
		{635A260E-D1E4-4409-B004-A07B3E677493}.Debug|Win32.ActiveCfg = Debug|Win32
		{635A260E-D1E4-4409-B004-A07B3E677493}.Debug|Win32.Build.0 = Debug|Win32
		{635A260E-D1E4-4409-B004-A07B3E677493}.Release|Win32.ActiveCfg = Release|Win32
		{635A260E-D1E4-4409-B004-A07B3E677493}.Release|Win32.Build.0 = Release|Win32
		{102F4F11-1282-41AC-887F-4DD249633441}.Debug|Win32.ActiveCfg = Debug|Win32
		{102F4F11-1282-41AC-887F-4DD249633441}.Debug|Win32.Build.0 = Debug|Win32
		{102F4F11-1282-41AC-887F-4DD249633441}.Release|Win32.ActiveCfg = Release|Win32
		{102F4F11-1282-41AC-887F-4DD249633441}.Release|Win32.Build.0 = Release|Win32
		{339F598C-3CC9-4D05-836C-F6C982890DB8}.Debug|Win32.ActiveCfg = Debug|Win32
		{339F598C-3CC9-4D05-836C-F6C982890DB8}.Debug|Win32.Build.0 = Debug|Win32
		{339F598C-3CC9-4D05-836C-F6C982890DB8}.Release|Win32.ActiveCfg = Release|Win32
		{339F598C-3CC9-4D05-836C-F6C982890DB8}.Release|Win32.Build.0 = Release|Win32
		{DEE11F4E-D673-46B9-A10C-79E8D4F3CC23}.Debug|Win32.ActiveCfg = Debug|Win32
		{DEE11F4E-D673-46B9-A10C-79E8D4F3CC23}.Debug|Win32.Build.0 = Debug|Win32
		{DEE11F4E-D673-46B9-A10C-79E8D4F3CC23}.Release|Win32.ActiveCfg = Release|Win32
		{DEE11F4E-D673-46B9-A10C-79E8D4F3CC23}.Release|Win32.Build.0 = Release|Win32
		{410E1209-5057-44F0-8023-62459517EBC2}.Debug|Win32.ActiveCfg = Debug|Win32
		{410E1209-5057-44F0-8023-62459517EBC2}.Debug|Win32.Build.0 = Debug|Win32
		{410E1209-5057-44F0-8023-62459517EBC2}.Release|Win32.ActiveCfg = Release|Win32
		{410E1209-5057-44F0-8023-62459517EBC2}.Release|Win32.Build.0 = Release|Win32
		{34F5A5F2-A8B8-4BFF-8727-92525B5383A1}.Debug|Win32.ActiveCfg = Debug|Win32
		{34F5A5F2-A8B8-4BFF-8727-92525B5383A1}.Debug|Win32.Build.0 = Debug|Win32
		{34F5A5F2-A8B8-4BFF-8727-92525B5383A1}.Release|Win32.ActiveCfg = Release|Win32
		{34F5A5F2-A8B8-4BFF-8727-92525B5383A1}.Release|Win32.Build.0 = Release|Win32
		{272DFDD3-D244-4091-9D4F-0777ECB32D2D}.Debug|Win32.ActiveCfg = Debug|Win32
		{272DFDD3-D244-4091-9D4F-0777ECB32D2D}.Debug|Win32.Build.0 = Debug|Win32
		{272DFDD3-D244-4091-9D4F-0777ECB32D2D}.Release|Win32.ActiveCfg = Release|Win32
		{272DFDD3-D244-4091-9D4F-0777ECB32D2D}.Release|Win32.Build.0 = Release|Win32
		{56B65C5F-D108-4BC5-B862-DFA1B0CEC70E}.Debug|Win32.ActiveCfg = Debug|Win32
		{56B65C5F-D108-4BC5-B862-DFA1B0CEC70E}.Debug|Win32.Build.0 = Debug|Win32
		{56B65C5F-D108-4BC5-B862-DFA1B0CEC70E}.Release|Win32.ActiveCfg = Release|Win32
		{56B65C5F-D108-4BC5-B862-DFA1B0CEC70E}.Release|Win32.Build.0 = Release|Win32
		{B5E18F8E-3255-4A1A-9B19-500EAC768084}.Debug|Win32.ActiveCfg = Debug|Win32
		{B5E18F8E-3255-4A1A-9B19-500EAC768084}.Debug|Win32.Build.0 = Debug|Win32
		{B5E18F8E-3255-4A1A-9B19-500EAC768084}.Release|Win32.ActiveCfg = Release|Win32
		{B5E18F8E-3255-4A1A-9B19-500EAC768084}.Release|Win32.Build.0 = Release|Win32
		{04FA6125-FFF5-4E45-A1AF-17F1A5DFDFDB}.Debug|Win32.ActiveCfg = Debug|Win32
		{04FA6125-FFF5-4E45-A1AF-17F1A5DFDFDB}.Debug|Win32.Build.0 = Debug|Win32
		{04FA6125-FFF5-4E45-A1AF-17F1A5DFDFDB}.Release|Win32.ActiveCfg = Release|Win32
		{04FA6125-FFF5-4E45-A1AF-17F1A5DFDFDB}.Release|Win32.Build.0 = Release|Win32
		{601528BD-6C19-4B30-BF4B-40DCC19F8F72}.Debug|Win32.ActiveCfg = Debug|Win32
		{601528BD-6C19-4B30-BF4B-40DCC19F8F72}.Debug|Win32.Build.0 = Debug|Win32
		{601528BD-6C19-4B30-BF4B-40DCC19F8F72}.Release|Win32.ActiveCfg = Release|Win32
		{601528BD-6C19-4B30-BF4B-40DCC19F8F72}.Release|Win32.Build.0 = Release|Win32
		{FB4B74EB-C749-4C87-8731-070747EB6FF2}.Debug|Win32.ActiveCfg = Debug|Win32
		{FB4B74EB-C749-4C87-8731-070747EB6FF2}.Debug|Win32.Build.0 = Debug|Win32
		{FB4B74EB-C749-4C87-8731-070747EB6FF2}.Release|Win32.ActiveCfg = Release|Win32
		{FB4B74EB-C749-4C87-8731-070747EB6FF2}.Release|Win32.Build.0 = Release|Win32
		{175CB194-2A9D-4B3C-93DB-85A113B1C78B}.Debug|Win32.ActiveCfg = Debug|Win32
		{175CB194-2A9D-4B3C-93DB-85A113B1C78B}.Debug|Win32.Build.0 = Debug|Win32
		{175CB194-2A9D-4B3C-93DB-85A113B1C78B}.Release|Win32.ActiveCfg = Release|Win32
		{175CB194-2A9D-4B3C-93DB-85A113B1C78B}.Release|Win32.Build.0 = Release|Win32
		{163F5EA8-0363-4B24-BECD-DAE31049F8DC}.Debug|Win32.ActiveCfg = Debug|Win32
		{163F5EA8-0363-4B24-BECD-DAE31049F8DC}.Debug|Win32.Build.0 = Debug|Win32
		{163F5EA8-0363-4B24-BECD-DAE31049F8DC}.Release|Win32.ActiveCfg = Release|Win32
		{163F5EA8-0363-4B24-BECD-DAE31049F8DC}.Release|Win32.Build.0 = Release|Win32
		{4B832EA5-8AEE-4C4F-B50B-66FEB74C19DD}.Debug|Win32.ActiveCfg = Debug|Win32
		{4B832EA5-8AEE-4C4F-B50B-66FEB74C19DD}.Debug|Win32.Build.0 = Debug|Win32
		{4B832EA5-8AEE-4C4F-B50B-66FEB74C19DD}.Release|Win32.ActiveCfg = Release|Win32
		{4B832EA5-8AEE-4C4F-B50B-66FEB74C19DD}.Release|Win32.Build.0 = Release|Win32
		{8C0A6CDD-60CD-44BD-9C05-5EA574E66E26}.Debug|Win32.ActiveCfg = Debug|Win32
		{8C0A6CDD-60CD-44BD-9C05-5EA574E66E26}.Debug|Win32.Build.0 = Debug|Win32
		{8C0A6CDD-60CD-44BD-9C05-5EA574E66E26}.Release|Win32.ActiveCfg = Release|Win32
		{8C0A6CDD-60CD-44BD-9C05-5EA574E66E26}.Release|Win32.Build.0 = Release|Win32
		{2F682166-510E-4C5B-9D62-7573F4FE2607}.Debug|Win32.ActiveCfg = Debug|Win32
		{2F682166-510E-4C5B-9D62-7573F4FE2607}.Debug|Win32.Build.0 = Debug|Win32
		{2F682166-510E-4C5B-9D62-7573F4FE2607}.Release|Win32.ActiveCfg = Release|Win32
		{2F682166-510E-4C5B-9D62-7573F4FE2607}.Release|Win32.Build.0 = Release|Win32
		{6C1DC895-CD6D-47E3-862A-0BD91E6A25B6}.Debug|Win32.ActiveCfg = Debug|Win32
		{6C1DC895-CD6D-47E3-862A-0BD91E6A25B6}.Debug|Win32.Build.0 = Debug|Win32
		{6C1DC895-CD6D-47E3-862A-0BD91E6A25B6}.Release|Win32.ActiveCfg = Release|Win32
		{6C1DC895-CD6D-47E3-862A-0BD91E6A25B6}.Release|Win32.Build.0 = Release|Win32
		{8A3417D5-95D4-4E49-ABB9-DDEDD731ADFE}.Debug|Win32.ActiveCfg = Debug|Win32
		{8A3417D5-95D4-4E49-ABB9-DDEDD731ADFE}.Debug|Win32.Build.0 = Debug|Win32
		{8A3417D5-95D4-4E49-ABB9-DDEDD731ADFE}.Release|Win32.ActiveCfg = Release|Win32
		{8A3417D5-95D4-4E49-ABB9-DDEDD731ADFE}.Release|Win32.Build.0 = Release|Win32
	EndGlobalSection
	GlobalSection(SolutionProperties) = preSolution
		HideSolutionNode = FALSE
	EndGlobalSection
EndGlobal
