<?xml version="1.0" encoding="utf-8"?>
<Project ToolsVersion="4.0" xmlns="http://schemas.microsoft.com/developer/msbuild/2003">
  <ItemGroup>
    <Filter Include="Source Files">
      <UniqueIdentifier>{4FC737F1-C7A5-4376-A066-2A32D752A2FF}</UniqueIdentifier>
      <Extensions>cpp;c;cc;cxx;def;odl;idl;hpj;bat;asm;asmx</Extensions>
    </Filter>
    <Filter Include="Header Files">
      <UniqueIdentifier>{93995380-89BD-4b04-88EB-625FBE52EBFB}</UniqueIdentifier>
      <Extensions>h;hpp;hxx;hm;inl;inc;xsd</Extensions>
    </Filter>
    <Filter Include="Resource Files">
      <UniqueIdentifier>{67DA6AB6-F800-4c08-8B7A-83BB121AAD01}</UniqueIdentifier>
      <Extensions>rc;ico;cur;bmp;dlg;rc2;rct;bin;rgs;gif;jpg;jpeg;jpe;resx;tiff;tif;png;wav;mfcribbon-ms</Extensions>
    </Filter>
  </ItemGroup>
  <ItemGroup>
    <ClCompile Include="..\..\CVIPC\MatrixAlgebra\m_alloc.c">
      <Filter>Source Files</Filter>
    </ClCompile>
    <ClCompile Include="..\..\CVIPC\MatrixAlgebra\m_arith_bin.c">
      <Filter>Source Files</Filter>
    </ClCompile>
    <ClCompile Include="..\..\CVIPC\MatrixAlgebra\m_conj.c">
      <Filter>Source Files</Filter>
    </ClCompile>
    <ClCompile Include="..\..\CVIPC\MatrixAlgebra\m_convolve.c">
      <Filter>Source Files</Filter>
    </ClCompile>
    <ClCompile Include="..\..\CVIPC\MatrixAlgebra\m_copy.c">
      <Filter>Source Files</Filter>
    </ClCompile>
    <ClCompile Include="..\..\CVIPC\MatrixAlgebra\m_CovEig.c">
      <Filter>Source Files</Filter>
    </ClCompile>
    <ClCompile Include="..\..\CVIPC\MatrixAlgebra\m_crop.c">
      <Filter>Source Files</Filter>
    </ClCompile>
    <ClCompile Include="..\..\CVIPC\MatrixAlgebra\m_det.c">
      <Filter>Source Files</Filter>
    </ClCompile>
    <ClCompile Include="..\..\CVIPC\MatrixAlgebra\m_file.c">
      <Filter>Source Files</Filter>
    </ClCompile>
    <ClCompile Include="..\..\CVIPC\MatrixAlgebra\m_invert.c">
      <Filter>Source Files</Filter>
    </ClCompile>
    <ClCompile Include="..\..\CVIPC\MatrixAlgebra\m_logic_bin.c">
      <Filter>Source Files</Filter>
    </ClCompile>
    <ClCompile Include="..\..\CVIPC\MatrixAlgebra\m_magnitude.c">
      <Filter>Source Files</Filter>
    </ClCompile>
    <ClCompile Include="..\..\CVIPC\MatrixAlgebra\m_makecomplex.c">
      <Filter>Source Files</Filter>
    </ClCompile>
    <ClCompile Include="..\..\CVIPC\MatrixAlgebra\m_makereal.c">
      <Filter>Source Files</Filter>
    </ClCompile>
    <ClCompile Include="..\..\CVIPC\MatrixAlgebra\m_mult.c">
      <Filter>Source Files</Filter>
    </ClCompile>
    <ClCompile Include="..\..\CVIPC\MatrixAlgebra\m_print.c">
      <Filter>Source Files</Filter>
    </ClCompile>
    <ClCompile Include="..\..\CVIPC\MatrixAlgebra\m_scale.c">
      <Filter>Source Files</Filter>
    </ClCompile>
    <ClCompile Include="..\..\CVIPC\MatrixAlgebra\m_sqrt.c">
      <Filter>Source Files</Filter>
    </ClCompile>
    <ClCompile Include="..\..\CVIPC\MatrixAlgebra\m_trans.c">
      <Filter>Source Files</Filter>
    </ClCompile>
    <ClCompile Include="..\..\CVIPC\MatrixAlgebra\rec2pol.c">
      <Filter>Source Files</Filter>
    </ClCompile>
  </ItemGroup>
</Project>
