<?xml version="1.0" encoding="utf-8"?>
<Project ToolsVersion="4.0" xmlns="http://schemas.microsoft.com/developer/msbuild/2003">
  <ItemGroup>
    <Filter Include="Source Files">
      <UniqueIdentifier>{4FC737F1-C7A5-4376-A066-2A32D752A2FF}</UniqueIdentifier>
      <Extensions>cpp;c;cc;cxx;def;odl;idl;hpj;bat;asm;asmx</Extensions>
    </Filter>
    <Filter Include="Header Files">
      <UniqueIdentifier>{93995380-89BD-4b04-88EB-625FBE52EBFB}</UniqueIdentifier>
      <Extensions>h;hpp;hxx;hm;inl;inc;xsd</Extensions>
    </Filter>
    <Filter Include="Resource Files">
      <UniqueIdentifier>{67DA6AB6-F800-4c08-8B7A-83BB121AAD01}</UniqueIdentifier>
      <Extensions>rc;ico;cur;bmp;dlg;rc2;rct;bin;rgs;gif;jpg;jpeg;jpe;resx;tiff;tif;png;wav;mfcribbon-ms</Extensions>
    </Filter>
  </ItemGroup>
  <ItemGroup>
    <ClCompile Include="..\..\CVIPC\SpatialFilter\adaptive_anisotropic_diffusion.c">
      <Filter>Source Files</Filter>
    </ClCompile>
    <ClCompile Include="..\..\CVIPC\SpatialFilter\adaptive_contrast.c">
      <Filter>Source Files</Filter>
    </ClCompile>
    <ClCompile Include="..\..\CVIPC\SpatialFilter\boiecox_edge.c">
      <Filter>Source Files</Filter>
    </ClCompile>
    <ClCompile Include="..\..\CVIPC\SpatialFilter\canny_edge_detection.c">
      <Filter>Source Files</Filter>
    </ClCompile>
    <ClCompile Include="..\..\CVIPC\SpatialFilter\cerchar_filter.c">
      <Filter>Source Files</Filter>
    </ClCompile>
    <ClCompile Include="..\..\CVIPC\SpatialFilter\convolve_Image.c">
      <Filter>Source Files</Filter>
    </ClCompile>
    <ClCompile Include="..\..\CVIPC\SpatialFilter\edge_detect.c">
      <Filter>Source Files</Filter>
    </ClCompile>
    <ClCompile Include="..\..\CVIPC\SpatialFilter\harris_corner_detection.c">
      <Filter>Source Files</Filter>
    </ClCompile>
    <ClCompile Include="..\..\CVIPC\SpatialFilter\hough.c">
      <Filter>Source Files</Filter>
    </ClCompile>
    <ClCompile Include="..\..\CVIPC\SpatialFilter\img_sharp.c">
      <Filter>Source Files</Filter>
    </ClCompile>
    <ClCompile Include="..\..\CVIPC\SpatialFilter\improved_mmse_filter.c">
      <Filter>Source Files</Filter>
    </ClCompile>
    <ClCompile Include="..\..\CVIPC\SpatialFilter\kirsch_filter.c">
      <Filter>Source Files</Filter>
    </ClCompile>
    <ClCompile Include="..\..\CVIPC\SpatialFilter\kuwahara_filter.c">
      <Filter>Source Files</Filter>
    </ClCompile>
    <ClCompile Include="..\..\CVIPC\SpatialFilter\lee_filter.c">
      <Filter>Source Files</Filter>
    </ClCompile>
    <ClCompile Include="..\..\CVIPC\SpatialFilter\median_hist.c">
      <Filter>Source Files</Filter>
    </ClCompile>
    <ClCompile Include="..\..\CVIPC\SpatialFilter\mmse_filter.c">
      <Filter>Source Files</Filter>
    </ClCompile>
    <ClCompile Include="..\..\CVIPC\SpatialFilter\moravec_corner_detection.c">
      <Filter>Source Files</Filter>
    </ClCompile>
    <ClCompile Include="..\..\CVIPC\SpatialFilter\nightvision.c">
      <Filter>Source Files</Filter>
    </ClCompile>
    <ClCompile Include="..\..\CVIPC\SpatialFilter\nonmaxima_suppression.cpp">
      <Filter>Source Files</Filter>
    </ClCompile>
    <ClCompile Include="..\..\CVIPC\SpatialFilter\pratts.c">
      <Filter>Source Files</Filter>
    </ClCompile>
    <ClCompile Include="..\..\CVIPC\SpatialFilter\prewitt_filter.c">
      <Filter>Source Files</Filter>
    </ClCompile>
    <ClCompile Include="..\..\CVIPC\SpatialFilter\raster_deblur.c">
      <Filter>Source Files</Filter>
    </ClCompile>
    <ClCompile Include="..\..\CVIPC\SpatialFilter\robinson_filter.c">
      <Filter>Source Files</Filter>
    </ClCompile>
    <ClCompile Include="..\..\CVIPC\SpatialFilter\shen_castan_edge.c">
      <Filter>Source Files</Filter>
    </ClCompile>
    <ClCompile Include="..\..\CVIPC\SpatialFilter\single_filter.c">
      <Filter>Source Files</Filter>
    </ClCompile>
    <ClCompile Include="..\..\CVIPC\SpatialFilter\smooth.c">
      <Filter>Source Files</Filter>
    </ClCompile>
    <ClCompile Include="..\..\CVIPC\SpatialFilter\sobel_filter.c">
      <Filter>Source Files</Filter>
    </ClCompile>
    <ClCompile Include="..\..\CVIPC\SpatialFilter\spatial_filter.c">
      <Filter>Source Files</Filter>
    </ClCompile>
    <ClCompile Include="..\..\CVIPC\SpatialFilter\spatial_tools.c">
      <Filter>Source Files</Filter>
    </ClCompile>
    <ClCompile Include="..\..\CVIPC\SpatialFilter\unsharp.c">
      <Filter>Source Files</Filter>
    </ClCompile>
    <ClCompile Include="..\..\CVIPC\SpatialFilter\marr_hildreth_edge.c">
      <Filter>Source Files</Filter>
    </ClCompile>
  </ItemGroup>
</Project>