<?xml version="1.0" encoding="utf-8"?>
<Project ToolsVersion="4.0" xmlns="http://schemas.microsoft.com/developer/msbuild/2003">
  <ItemGroup>
    <Filter Include="Source Files">
      <UniqueIdentifier>{4FC737F1-C7A5-4376-A066-2A32D752A2FF}</UniqueIdentifier>
      <Extensions>cpp;c;cc;cxx;def;odl;idl;hpj;bat;asm;asmx</Extensions>
    </Filter>
    <Filter Include="Header Files">
      <UniqueIdentifier>{93995380-89BD-4b04-88EB-625FBE52EBFB}</UniqueIdentifier>
      <Extensions>h;hpp;hxx;hm;inl;inc;xsd</Extensions>
    </Filter>
    <Filter Include="Resource Files">
      <UniqueIdentifier>{67DA6AB6-F800-4c08-8B7A-83BB121AAD01}</UniqueIdentifier>
      <Extensions>rc;ico;cur;bmp;dlg;rc2;rct;bin;rgs;gif;jpg;jpeg;jpe;resx;tiff;tif;png;wav;mfcribbon-ms</Extensions>
    </Filter>
  </ItemGroup>
  <ItemGroup>
    <ClCompile Include="..\..\CVIPC\Feature\binary_feature.c">
      <Filter>Source Files</Filter>
    </ClCompile>
    <ClCompile Include="..\..\CVIPC\Feature\city_block.c">
      <Filter>Source Files</Filter>
    </ClCompile>
    <ClCompile Include="..\..\CVIPC\Feature\Cooccurrence_Matrix.c">
      <Filter>Source Files</Filter>
    </ClCompile>
    <ClCompile Include="..\..\CVIPC\Feature\cvip_pgmtexture.c">
      <Filter>Source Files</Filter>
    </ClCompile>
    <ClCompile Include="..\..\CVIPC\Feature\CVIP_textureSetUp.c">
      <Filter>Source Files</Filter>
    </ClCompile>
    <ClCompile Include="..\..\CVIPC\Feature\euclidean_distance.c">
      <Filter>Source Files</Filter>
    </ClCompile>
    <ClCompile Include="..\..\CVIPC\Feature\hist_feature.c">
      <Filter>Source Files</Filter>
    </ClCompile>
    <ClCompile Include="..\..\CVIPC\Feature\k_nearest_neighbor.c">
      <Filter>Source Files</Filter>
    </ClCompile>
    <ClCompile Include="..\..\CVIPC\Feature\label.c">
      <Filter>Source Files</Filter>
    </ClCompile>
    <ClCompile Include="..\..\CVIPC\Feature\laws_texture.c">
      <Filter>Source Files</Filter>
    </ClCompile>
    <ClCompile Include="..\..\CVIPC\Feature\maximum_value_metric.c">
      <Filter>Source Files</Filter>
    </ClCompile>
    <ClCompile Include="..\..\CVIPC\Feature\min_max_normalization.c">
      <Filter>Source Files</Filter>
    </ClCompile>
    <ClCompile Include="..\..\CVIPC\Feature\minkowski_distance.c">
      <Filter>Source Files</Filter>
    </ClCompile>
    <ClCompile Include="..\..\CVIPC\Feature\nearest_centroid.c">
      <Filter>Source Files</Filter>
    </ClCompile>
    <ClCompile Include="..\..\CVIPC\Feature\nearest_centroid_set.c">
      <Filter>Source Files</Filter>
    </ClCompile>
    <ClCompile Include="..\..\CVIPC\Feature\nearest_neighbor.c">
      <Filter>Source Files</Filter>
    </ClCompile>
    <ClCompile Include="..\..\CVIPC\Feature\pattern_city_block.c">
      <Filter>Source Files</Filter>
    </ClCompile>
    <ClCompile Include="..\..\CVIPC\Feature\pattern_euclidean.c">
      <Filter>Source Files</Filter>
    </ClCompile>
    <ClCompile Include="..\..\CVIPC\Feature\pattern_maximum.c">
      <Filter>Source Files</Filter>
    </ClCompile>
    <ClCompile Include="..\..\CVIPC\Feature\pattern_min_max_normalization.c">
      <Filter>Source Files</Filter>
    </ClCompile>
    <ClCompile Include="..\..\CVIPC\Feature\pattern_minkowski.c">
      <Filter>Source Files</Filter>
    </ClCompile>
    <ClCompile Include="..\..\CVIPC\Feature\pattern_range_normalize.c">
      <Filter>Source Files</Filter>
    </ClCompile>
    <ClCompile Include="..\..\CVIPC\Feature\pattern_softmax_scaling_normalization.c">
      <Filter>Source Files</Filter>
    </ClCompile>
    <ClCompile Include="..\..\CVIPC\Feature\pattern_standard_normal_density_normalization.c">
      <Filter>Source Files</Filter>
    </ClCompile>
    <ClCompile Include="..\..\CVIPC\Feature\pattern_tanimoto.c">
      <Filter>Source Files</Filter>
    </ClCompile>
    <ClCompile Include="..\..\CVIPC\Feature\pattern_unit_vector_normalization.c">
      <Filter>Source Files</Filter>
    </ClCompile>
    <ClCompile Include="..\..\CVIPC\Feature\pattern_vector_inner_product.c">
      <Filter>Source Files</Filter>
    </ClCompile>
    <ClCompile Include="..\..\CVIPC\Feature\range_normalize.c">
      <Filter>Source Files</Filter>
    </ClCompile>
    <ClCompile Include="..\..\CVIPC\Feature\rst_invariant.c">
      <Filter>Source Files</Filter>
    </ClCompile>
    <ClCompile Include="..\..\CVIPC\Feature\size_norm_projection.c">
      <Filter>Source Files</Filter>
    </ClCompile>
    <ClCompile Include="..\..\CVIPC\Feature\softmax_scaling.c">
      <Filter>Source Files</Filter>
    </ClCompile>
    <ClCompile Include="..\..\CVIPC\Feature\spectral_feature.c">
      <Filter>Source Files</Filter>
    </ClCompile>
    <ClCompile Include="..\..\CVIPC\Feature\standard_normal_density_normalizatoin.c">
      <Filter>Source Files</Filter>
    </ClCompile>
    <ClCompile Include="..\..\CVIPC\Feature\tanimoto_metric.c">
      <Filter>Source Files</Filter>
    </ClCompile>
    <ClCompile Include="..\..\CVIPC\Feature\Texture_Features.c">
      <Filter>Source Files</Filter>
    </ClCompile>
    <ClCompile Include="..\..\CVIPC\Feature\unit_vector_normalization.c">
      <Filter>Source Files</Filter>
    </ClCompile>
    <ClCompile Include="..\..\CVIPC\Feature\vector_inner_product.c">
      <Filter>Source Files</Filter>
    </ClCompile>
  </ItemGroup>
  <ItemGroup>
    <ClInclude Include="..\..\Include\and.h">
      <Filter>Header Files</Filter>
    </ClInclude>
    <ClInclude Include="..\..\Include\CVIPpattern.h">
      <Filter>Header Files</Filter>
    </ClInclude>
    <ClInclude Include="..\..\Include\thresh.h">
      <Filter>Header Files</Filter>
    </ClInclude>
  </ItemGroup>
</Project>
