<?xml version="1.0" encoding="utf-8"?>
<Project ToolsVersion="4.0" xmlns="http://schemas.microsoft.com/developer/msbuild/2003">
  <ItemGroup>
    <Filter Include="Source Files">
      <UniqueIdentifier>{4FC737F1-C7A5-4376-A066-2A32D752A2FF}</UniqueIdentifier>
      <Extensions>cpp;c;cc;cxx;def;odl;idl;hpj;bat;asm;asmx</Extensions>
    </Filter>
    <Filter Include="Header Files">
      <UniqueIdentifier>{93995380-89BD-4b04-88EB-625FBE52EBFB}</UniqueIdentifier>
      <Extensions>h;hpp;hxx;hm;inl;inc;xsd</Extensions>
    </Filter>
    <Filter Include="Resource Files">
      <UniqueIdentifier>{67DA6AB6-F800-4c08-8B7A-83BB121AAD01}</UniqueIdentifier>
      <Extensions>rc;ico;cur;bmp;dlg;rc2;rct;bin;rgs;gif;jpg;jpeg;jpe;resx;tiff;tif;png;wav;mfcribbon-ms</Extensions>
    </Filter>
  </ItemGroup>
  <ItemGroup>
    <ClCompile Include="..\..\CVIPC\Compression\bitplane_RLC.c">
      <Filter>Source Files</Filter>
    </ClCompile>
    <ClCompile Include="..\..\CVIPC\Compression\block_trunc_coding.c">
      <Filter>Source Files</Filter>
    </ClCompile>
    <ClCompile Include="..\..\CVIPC\Compression\com_setup.c">
      <Filter>Source Files</Filter>
    </ClCompile>
    <ClCompile Include="..\..\CVIPC\Compression\dpcm.c">
      <Filter>Source Files</Filter>
    </ClCompile>
    <ClCompile Include="..\..\CVIPC\Compression\fracdec.c">
      <Filter>Source Files</Filter>
    </ClCompile>
    <ClCompile Include="..\..\CVIPC\Compression\fracenc.c">
      <Filter>Source Files</Filter>
    </ClCompile>
    <ClCompile Include="..\..\CVIPC\Compression\grey_RLC.c">
      <Filter>Source Files</Filter>
    </ClCompile>
    <ClCompile Include="..\..\CVIPC\Compression\huffman.c">
      <Filter>Source Files</Filter>
    </ClCompile>
    <ClCompile Include="..\..\CVIPC\Compression\jpeg.c">
      <Filter>Source Files</Filter>
    </ClCompile>
    <ClCompile Include="..\..\CVIPC\Compression\LBG_utils.c">
      <Filter>Source Files</Filter>
    </ClCompile>
    <ClCompile Include="..\..\CVIPC\Compression\m_btc.c">
      <Filter>Source Files</Filter>
    </ClCompile>
    <ClCompile Include="..\..\CVIPC\Compression\quant.c">
      <Filter>Source Files</Filter>
    </ClCompile>
    <ClCompile Include="..\..\CVIPC\Compression\rms_error.c">
      <Filter>Source Files</Filter>
    </ClCompile>
    <ClCompile Include="..\..\CVIPC\Compression\trans_compr.c">
      <Filter>Source Files</Filter>
    </ClCompile>
    <ClCompile Include="..\..\CVIPC\Compression\vector_quantization.c">
      <Filter>Source Files</Filter>
    </ClCompile>
    <ClCompile Include="..\..\CVIPC\Compression\vq_coding.c">
      <Filter>Source Files</Filter>
    </ClCompile>
    <ClCompile Include="..\..\CVIPC\Compression\vq_fileio.c">
      <Filter>Source Files</Filter>
    </ClCompile>
    <ClCompile Include="..\..\CVIPC\Compression\vq_initial.c">
      <Filter>Source Files</Filter>
    </ClCompile>
    <ClCompile Include="..\..\CVIPC\Compression\wvq.c">
      <Filter>Source Files</Filter>
    </ClCompile>
    <ClCompile Include="..\..\CVIPC\Compression\xvq.c">
      <Filter>Source Files</Filter>
    </ClCompile>
    <ClCompile Include="..\..\CVIPC\Compression\zonal.c">
      <Filter>Source Files</Filter>
    </ClCompile>
    <ClCompile Include="..\..\CVIPC\Compression\zonal2.c">
      <Filter>Source Files</Filter>
    </ClCompile>
    <ClCompile Include="..\..\CVIPC\Compression\zvl.c">
      <Filter>Source Files</Filter>
    </ClCompile>
  </ItemGroup>
  <ItemGroup>
    <ClInclude Include="..\..\Include\LBG_header.h">
      <Filter>Header Files</Filter>
    </ClInclude>
  </ItemGroup>
</Project>
